
Microsoft Visual Studio Solution File, Format Version 12.00
# Visual Studio Version 17
VisualStudioVersion = 17.6.33815.320
MinimumVisualStudioVersion = 10.0.40219.1
Project("{FAE04EC0-301F-11D3-BF4B-00C04F79EFBC}") = "st10053116_CLDV6212_POE_Part1", "st10053116_CLDV6212_POE_Part1.csproj", "{E611F2C4-923F-4BAE-B51F-0407527437A7}"
EndProject
Global
	GlobalSection(SolutionConfigurationPlatforms) = preSolution
		Debug|Any CPU = Debug|Any CPU
		Release|Any CPU = Release|Any CPU
	EndGlobalSection
	GlobalSection(ProjectConfigurationPlatforms) = postSolution
		{E611F2C4-923F-4BAE-B51F-0407527437A7}.Debug|Any CPU.ActiveCfg = Debug|Any CPU
		{E611F2C4-923F-4BAE-B51F-0407527437A7}.Debug|Any CPU.Build.0 = Debug|Any CPU
		{E611F2C4-923F-4BAE-B51F-0407527437A7}.Release|Any CPU.ActiveCfg = Release|Any CPU
		{E611F2C4-923F-4BAE-B51F-0407527437A7}.Release|Any CPU.Build.0 = Release|Any CPU
	EndGlobalSection
	GlobalSection(SolutionProperties) = preSolution
		HideSolutionNode = FALSE
	EndGlobalSection
	GlobalSection(ExtensibilityGlobals) = postSolution
		SolutionGuid = {F1F2F7A4-A052-433F-9393-5839E4DD3953}
	EndGlobalSection
EndGlobal
